
Microsoft Visual Studio Solution File, Format Version 12.00
# Visual Studio Version 16
VisualStudioVersion = 16.0.30413.136
MinimumVisualStudioVersion = 10.0.40219.1
Project("{9A19103F-16F7-4668-BE54-9A1E7A4F7556}") = "BusinessLogic", "BusinessLogic\BusinessLogic.csproj", "{5455DEF2-047C-4294-9FB6-6E558BCCBF9A}"
EndProject
Project("{9A19103F-16F7-4668-BE54-9A1E7A4F7556}") = "SberTestApi", "SberTestApi\SberTestApi.csproj", "{43683FE1-09AD-4FC9-9F32-B386B068496C}"
EndProject
Project("{9A19103F-16F7-4668-BE54-9A1E7A4F7556}") = "XBusinessLogicTests", "XBusinessLogicTests\XBusinessLogicTests.csproj", "{1DA46D4A-E80F-4B9A-9679-AFB60CD1EDAE}"
EndProject
Project("{2150E333-8FDC-42A3-9474-1A3956D46DE8}") = "SecondTask", "SecondTask", "{1B9F2F77-10EC-41B2-BA52-DF1FFABE633B}"
EndProject
Project("{2150E333-8FDC-42A3-9474-1A3956D46DE8}") = "FirstTask", "FirstTask", "{E1C029B1-189D-430E-ADA9-3B77BEC10FC4}"
EndProject
Project("{FAE04EC0-301F-11D3-BF4B-00C04F79EFBC}") = "AdvanceAlgorithm", "AdvanceAlgorithm\AdvanceAlgorithm.csproj", "{4E2FF3E8-A69B-4EBD-8E95-DA13CC7DB5D2}"
EndProject
Project("{FAE04EC0-301F-11D3-BF4B-00C04F79EFBC}") = "Algorithm", "Algorithm\Algorithm.csproj", "{5184876C-F09D-4AB3-AF2B-DDD68DBA4EBA}"
EndProject
Global
	GlobalSection(SolutionConfigurationPlatforms) = preSolution
		Debug|Any CPU = Debug|Any CPU
		Release|Any CPU = Release|Any CPU
	EndGlobalSection
	GlobalSection(ProjectConfigurationPlatforms) = postSolution
		{5455DEF2-047C-4294-9FB6-6E558BCCBF9A}.Debug|Any CPU.ActiveCfg = Debug|Any CPU
		{5455DEF2-047C-4294-9FB6-6E558BCCBF9A}.Debug|Any CPU.Build.0 = Debug|Any CPU
		{5455DEF2-047C-4294-9FB6-6E558BCCBF9A}.Release|Any CPU.ActiveCfg = Release|Any CPU
		{5455DEF2-047C-4294-9FB6-6E558BCCBF9A}.Release|Any CPU.Build.0 = Release|Any CPU
		{43683FE1-09AD-4FC9-9F32-B386B068496C}.Debug|Any CPU.ActiveCfg = Debug|Any CPU
		{43683FE1-09AD-4FC9-9F32-B386B068496C}.Debug|Any CPU.Build.0 = Debug|Any CPU
		{43683FE1-09AD-4FC9-9F32-B386B068496C}.Release|Any CPU.ActiveCfg = Release|Any CPU
		{43683FE1-09AD-4FC9-9F32-B386B068496C}.Release|Any CPU.Build.0 = Release|Any CPU
		{1DA46D4A-E80F-4B9A-9679-AFB60CD1EDAE}.Debug|Any CPU.ActiveCfg = Debug|Any CPU
		{1DA46D4A-E80F-4B9A-9679-AFB60CD1EDAE}.Debug|Any CPU.Build.0 = Debug|Any CPU
		{1DA46D4A-E80F-4B9A-9679-AFB60CD1EDAE}.Release|Any CPU.ActiveCfg = Release|Any CPU
		{1DA46D4A-E80F-4B9A-9679-AFB60CD1EDAE}.Release|Any CPU.Build.0 = Release|Any CPU
		{4E2FF3E8-A69B-4EBD-8E95-DA13CC7DB5D2}.Debug|Any CPU.ActiveCfg = Debug|Any CPU
		{4E2FF3E8-A69B-4EBD-8E95-DA13CC7DB5D2}.Debug|Any CPU.Build.0 = Debug|Any CPU
		{4E2FF3E8-A69B-4EBD-8E95-DA13CC7DB5D2}.Release|Any CPU.ActiveCfg = Release|Any CPU
		{4E2FF3E8-A69B-4EBD-8E95-DA13CC7DB5D2}.Release|Any CPU.Build.0 = Release|Any CPU
		{5184876C-F09D-4AB3-AF2B-DDD68DBA4EBA}.Debug|Any CPU.ActiveCfg = Debug|Any CPU
		{5184876C-F09D-4AB3-AF2B-DDD68DBA4EBA}.Debug|Any CPU.Build.0 = Debug|Any CPU
		{5184876C-F09D-4AB3-AF2B-DDD68DBA4EBA}.Release|Any CPU.ActiveCfg = Release|Any CPU
		{5184876C-F09D-4AB3-AF2B-DDD68DBA4EBA}.Release|Any CPU.Build.0 = Release|Any CPU
	EndGlobalSection
	GlobalSection(SolutionProperties) = preSolution
		HideSolutionNode = FALSE
	EndGlobalSection
	GlobalSection(NestedProjects) = preSolution
		{5455DEF2-047C-4294-9FB6-6E558BCCBF9A} = {E1C029B1-189D-430E-ADA9-3B77BEC10FC4}
		{43683FE1-09AD-4FC9-9F32-B386B068496C} = {E1C029B1-189D-430E-ADA9-3B77BEC10FC4}
		{1DA46D4A-E80F-4B9A-9679-AFB60CD1EDAE} = {E1C029B1-189D-430E-ADA9-3B77BEC10FC4}
		{4E2FF3E8-A69B-4EBD-8E95-DA13CC7DB5D2} = {1B9F2F77-10EC-41B2-BA52-DF1FFABE633B}
		{5184876C-F09D-4AB3-AF2B-DDD68DBA4EBA} = {E1C029B1-189D-430E-ADA9-3B77BEC10FC4}
	EndGlobalSection
	GlobalSection(ExtensibilityGlobals) = postSolution
		SolutionGuid = {144DBB6C-2FAE-4D20-8989-44B09CF18CF9}
	EndGlobalSection
EndGlobal
